
Microsoft Visual Studio Solution File, Format Version 12.00
# Visual Studio 15
VisualStudioVersion = 15.0.27428.2043
MinimumVisualStudioVersion = 10.0.40219.1
Project("{9A19103F-16F7-4668-BE54-9A1E7A4F7556}") = "IDServer", "IDServer\IDServer.csproj", "{89ED8E6E-0F89-4260-86B8-A1A861666B7E}"
EndProject
Project("{9A19103F-16F7-4668-BE54-9A1E7A4F7556}") = "Api", "Api\Api.csproj", "{4CDB1940-544F-4443-B639-E07C5B12BBBF}"
EndProject
Project("{FAE04EC0-301F-11D3-BF4B-00C04F79EFBC}") = "Client", "Client\Client.csproj", "{D24FE296-5DD8-47A6-8C2F-28AB6F3452FD}"
EndProject
Global
	GlobalSection(SolutionConfigurationPlatforms) = preSolution
		Debug|Any CPU = Debug|Any CPU
		Release|Any CPU = Release|Any CPU
	EndGlobalSection
	GlobalSection(ProjectConfigurationPlatforms) = postSolution
		{89ED8E6E-0F89-4260-86B8-A1A861666B7E}.Debug|Any CPU.ActiveCfg = Debug|Any CPU
		{89ED8E6E-0F89-4260-86B8-A1A861666B7E}.Debug|Any CPU.Build.0 = Debug|Any CPU
		{89ED8E6E-0F89-4260-86B8-A1A861666B7E}.Release|Any CPU.ActiveCfg = Release|Any CPU
		{89ED8E6E-0F89-4260-86B8-A1A861666B7E}.Release|Any CPU.Build.0 = Release|Any CPU
		{4CDB1940-544F-4443-B639-E07C5B12BBBF}.Debug|Any CPU.ActiveCfg = Debug|Any CPU
		{4CDB1940-544F-4443-B639-E07C5B12BBBF}.Debug|Any CPU.Build.0 = Debug|Any CPU
		{4CDB1940-544F-4443-B639-E07C5B12BBBF}.Release|Any CPU.ActiveCfg = Release|Any CPU
		{4CDB1940-544F-4443-B639-E07C5B12BBBF}.Release|Any CPU.Build.0 = Release|Any CPU
		{D24FE296-5DD8-47A6-8C2F-28AB6F3452FD}.Debug|Any CPU.ActiveCfg = Debug|Any CPU
		{D24FE296-5DD8-47A6-8C2F-28AB6F3452FD}.Debug|Any CPU.Build.0 = Debug|Any CPU
		{D24FE296-5DD8-47A6-8C2F-28AB6F3452FD}.Release|Any CPU.ActiveCfg = Release|Any CPU
		{D24FE296-5DD8-47A6-8C2F-28AB6F3452FD}.Release|Any CPU.Build.0 = Release|Any CPU
	EndGlobalSection
	GlobalSection(SolutionProperties) = preSolution
		HideSolutionNode = FALSE
	EndGlobalSection
	GlobalSection(ExtensibilityGlobals) = postSolution
		SolutionGuid = {7B60ECAE-C456-4FCE-9842-EB70D11531BC}
	EndGlobalSection
EndGlobal
